
Microsoft Visual Studio Solution File, Format Version 12.00
# Visual Studio Version 17
VisualStudioVersion = 17.5.33627.172
MinimumVisualStudioVersion = 10.0.40219.1
Project("{9A19103F-16F7-4668-BE54-9A1E7A4F7556}") = "ConcordiaLab", "ConcordiaLab\ConcordiaLab.csproj", "{84149879-83BD-4F88-ABCC-BAAE766975D0}"
EndProject
Project("{9A19103F-16F7-4668-BE54-9A1E7A4F7556}") = "PersistentLayer", "PersistentLayer\PersistentLayer.csproj", "{E196648C-8F29-47B6-9F59-668FA4748182}"
EndProject
Project("{9A19103F-16F7-4668-BE54-9A1E7A4F7556}") = "BusinessLogic", "BusinessLogic\BusinessLogic.csproj", "{BB3DDC68-2D4B-48C5-BF09-F1FA8031018F}"
EndProject
Project("{9A19103F-16F7-4668-BE54-9A1E7A4F7556}") = "ConcordiaAppTestLayer", "ConcordiaAppTestLayer\ConcordiaAppTestLayer.csproj", "{9A1E50E4-3423-40F0-9067-3345A97DA64C}"
EndProject
Project("{9A19103F-16F7-4668-BE54-9A1E7A4F7556}") = "BackgroundServices", "BackgroundService\BackgroundServices.csproj", "{D857DE11-8239-4DA8-A55A-8B5FB7F6A6A0}"
EndProject
Project("{9A19103F-16F7-4668-BE54-9A1E7A4F7556}") = "PersistentLayer.Tests", "PersistentLayerTest\PersistentLayer.Tests.csproj", "{FF12A514-03A1-4DD0-AC38-3F3EEDD9E527}"
EndProject
Project("{2150E333-8FDC-42A3-9474-1A3956D46DE8}") = "DataSyncServices", "DataSyncServices", "{9AB15B60-8328-45A7-A150-90C429AD7C54}"
EndProject
Project("{FAE04EC0-301F-11D3-BF4B-00C04F79EFBC}") = "ApiTesting.cs", "ApiTesting.cs\ApiTesting.cs.csproj", "{212E6F23-F79F-4819-AD8F-1EA76882A777}"
EndProject
Global
	GlobalSection(SolutionConfigurationPlatforms) = preSolution
		Debug|Any CPU = Debug|Any CPU
		Release|Any CPU = Release|Any CPU
	EndGlobalSection
	GlobalSection(ProjectConfigurationPlatforms) = postSolution
		{84149879-83BD-4F88-ABCC-BAAE766975D0}.Debug|Any CPU.ActiveCfg = Debug|Any CPU
		{84149879-83BD-4F88-ABCC-BAAE766975D0}.Debug|Any CPU.Build.0 = Debug|Any CPU
		{84149879-83BD-4F88-ABCC-BAAE766975D0}.Release|Any CPU.ActiveCfg = Release|Any CPU
		{84149879-83BD-4F88-ABCC-BAAE766975D0}.Release|Any CPU.Build.0 = Release|Any CPU
		{E196648C-8F29-47B6-9F59-668FA4748182}.Debug|Any CPU.ActiveCfg = Debug|Any CPU
		{E196648C-8F29-47B6-9F59-668FA4748182}.Debug|Any CPU.Build.0 = Debug|Any CPU
		{E196648C-8F29-47B6-9F59-668FA4748182}.Release|Any CPU.ActiveCfg = Release|Any CPU
		{E196648C-8F29-47B6-9F59-668FA4748182}.Release|Any CPU.Build.0 = Release|Any CPU
		{BB3DDC68-2D4B-48C5-BF09-F1FA8031018F}.Debug|Any CPU.ActiveCfg = Debug|Any CPU
		{BB3DDC68-2D4B-48C5-BF09-F1FA8031018F}.Debug|Any CPU.Build.0 = Debug|Any CPU
		{BB3DDC68-2D4B-48C5-BF09-F1FA8031018F}.Release|Any CPU.ActiveCfg = Release|Any CPU
		{BB3DDC68-2D4B-48C5-BF09-F1FA8031018F}.Release|Any CPU.Build.0 = Release|Any CPU
		{9A1E50E4-3423-40F0-9067-3345A97DA64C}.Debug|Any CPU.ActiveCfg = Debug|Any CPU
		{9A1E50E4-3423-40F0-9067-3345A97DA64C}.Debug|Any CPU.Build.0 = Debug|Any CPU
		{9A1E50E4-3423-40F0-9067-3345A97DA64C}.Release|Any CPU.ActiveCfg = Release|Any CPU
		{9A1E50E4-3423-40F0-9067-3345A97DA64C}.Release|Any CPU.Build.0 = Release|Any CPU
		{D857DE11-8239-4DA8-A55A-8B5FB7F6A6A0}.Debug|Any CPU.ActiveCfg = Debug|Any CPU
		{D857DE11-8239-4DA8-A55A-8B5FB7F6A6A0}.Debug|Any CPU.Build.0 = Debug|Any CPU
		{D857DE11-8239-4DA8-A55A-8B5FB7F6A6A0}.Release|Any CPU.ActiveCfg = Release|Any CPU
		{D857DE11-8239-4DA8-A55A-8B5FB7F6A6A0}.Release|Any CPU.Build.0 = Release|Any CPU
		{FF12A514-03A1-4DD0-AC38-3F3EEDD9E527}.Debug|Any CPU.ActiveCfg = Debug|Any CPU
		{FF12A514-03A1-4DD0-AC38-3F3EEDD9E527}.Debug|Any CPU.Build.0 = Debug|Any CPU
		{FF12A514-03A1-4DD0-AC38-3F3EEDD9E527}.Release|Any CPU.ActiveCfg = Release|Any CPU
		{FF12A514-03A1-4DD0-AC38-3F3EEDD9E527}.Release|Any CPU.Build.0 = Release|Any CPU
		{212E6F23-F79F-4819-AD8F-1EA76882A777}.Debug|Any CPU.ActiveCfg = Debug|Any CPU
		{212E6F23-F79F-4819-AD8F-1EA76882A777}.Debug|Any CPU.Build.0 = Debug|Any CPU
		{212E6F23-F79F-4819-AD8F-1EA76882A777}.Release|Any CPU.ActiveCfg = Release|Any CPU
		{212E6F23-F79F-4819-AD8F-1EA76882A777}.Release|Any CPU.Build.0 = Release|Any CPU
	EndGlobalSection
	GlobalSection(SolutionProperties) = preSolution
		HideSolutionNode = FALSE
	EndGlobalSection
	GlobalSection(ExtensibilityGlobals) = postSolution
		SolutionGuid = {F8BF7A73-A49A-4353-976B-864A81A364A1}
	EndGlobalSection
EndGlobal
